
Microsoft Visual Studio Solution File, Format Version 12.00
# Visual Studio 15
VisualStudioVersion = 15.0.28307.271
MinimumVisualStudioVersion = 10.0.40219.1
Project("{FAE04EC0-301F-11D3-BF4B-00C04F79EFBC}") = "EFCoreCodeFirstSample", "EFCoreCodeFirstSample\EFCoreCodeFirstSample.csproj", "{553122C2-E3D1-4E2F-9014-1DEA2F3C2F41}"
EndProject
Global
	GlobalSection(SolutionConfigurationPlatforms) = preSolution
		Debug|Any CPU = Debug|Any CPU
		Release|Any CPU = Release|Any CPU
	EndGlobalSection
	GlobalSection(ProjectConfigurationPlatforms) = postSolution
		{553122C2-E3D1-4E2F-9014-1DEA2F3C2F41}.Debug|Any CPU.ActiveCfg = Debug|Any CPU
		{553122C2-E3D1-4E2F-9014-1DEA2F3C2F41}.Debug|Any CPU.Build.0 = Debug|Any CPU
		{553122C2-E3D1-4E2F-9014-1DEA2F3C2F41}.Release|Any CPU.ActiveCfg = Release|Any CPU
		{553122C2-E3D1-4E2F-9014-1DEA2F3C2F41}.Release|Any CPU.Build.0 = Release|Any CPU
	EndGlobalSection
	GlobalSection(SolutionProperties) = preSolution
		HideSolutionNode = FALSE
	EndGlobalSection
	GlobalSection(ExtensibilityGlobals) = postSolution
		SolutionGuid = {17768578-7B5F-41A8-8146-32326D39166B}
	EndGlobalSection
EndGlobal
